
Microsoft Visual Studio Solution File, Format Version 12.00
# Visual Studio Version 17
VisualStudioVersion = 17.5.002.0
MinimumVisualStudioVersion = 10.0.40219.1
Project("{9A19103F-16F7-4668-BE54-9A1E7A4F7556}") = "CS_FULLSTACK_28.11.2024", "CS_FULLSTACK_28.11.2024.csproj", "{AD076DDF-DA87-4E4C-8187-D5D8E4A78AF2}"
EndProject
Global
	GlobalSection(SolutionConfigurationPlatforms) = preSolution
		Debug|Any CPU = Debug|Any CPU
		Release|Any CPU = Release|Any CPU
	EndGlobalSection
	GlobalSection(ProjectConfigurationPlatforms) = postSolution
		{AD076DDF-DA87-4E4C-8187-D5D8E4A78AF2}.Debug|Any CPU.ActiveCfg = Debug|Any CPU
		{AD076DDF-DA87-4E4C-8187-D5D8E4A78AF2}.Debug|Any CPU.Build.0 = Debug|Any CPU
		{AD076DDF-DA87-4E4C-8187-D5D8E4A78AF2}.Release|Any CPU.ActiveCfg = Release|Any CPU
		{AD076DDF-DA87-4E4C-8187-D5D8E4A78AF2}.Release|Any CPU.Build.0 = Release|Any CPU
	EndGlobalSection
	GlobalSection(SolutionProperties) = preSolution
		HideSolutionNode = FALSE
	EndGlobalSection
	GlobalSection(ExtensibilityGlobals) = postSolution
		SolutionGuid = {BE1691BF-003A-49FE-80E1-2757D36B262C}
	EndGlobalSection
EndGlobal
